
Microsoft Visual Studio Solution File, Format Version 11.00
# Visual Studio 2010
Project("{FAE04EC0-301F-11D3-BF4B-00C04F79EFBC}") = "JabberWPF", "JabberWPF\JabberWPF.csproj", "{36149DFF-FC93-4505-ACE9-E63F8FD98523}"
EndProject
Project("{FAE04EC0-301F-11D3-BF4B-00C04F79EFBC}") = "GibbonTests", "GibbonTests\GibbonTests.csproj", "{E6560470-ED6E-4198-A362-48195A7D589A}"
EndProject
Project("{2150E333-8FDC-42A3-9474-1A3956D46DE8}") = "Solution Items", "Solution Items", "{42B57166-6C21-43B0-BCE9-DFF865AB48E8}"
	ProjectSection(SolutionItems) = preProject
		JabberWPF.vsmdi = JabberWPF.vsmdi
		Local.testsettings = Local.testsettings
		TraceAndTestImpact.testsettings = TraceAndTestImpact.testsettings
	EndProjectSection
EndProject
Global
	GlobalSection(TestCaseManagementSettings) = postSolution
		CategoryFile = JabberWPF.vsmdi
	EndGlobalSection
	GlobalSection(SolutionConfigurationPlatforms) = preSolution
		Debug|Any CPU = Debug|Any CPU
		Debug|Mixed Platforms = Debug|Mixed Platforms
		Debug|x86 = Debug|x86
		Release|Any CPU = Release|Any CPU
		Release|Mixed Platforms = Release|Mixed Platforms
		Release|x86 = Release|x86
	EndGlobalSection
	GlobalSection(ProjectConfigurationPlatforms) = postSolution
		{36149DFF-FC93-4505-ACE9-E63F8FD98523}.Debug|Any CPU.ActiveCfg = Debug|x86
		{36149DFF-FC93-4505-ACE9-E63F8FD98523}.Debug|Mixed Platforms.ActiveCfg = Debug|x86
		{36149DFF-FC93-4505-ACE9-E63F8FD98523}.Debug|Mixed Platforms.Build.0 = Debug|x86
		{36149DFF-FC93-4505-ACE9-E63F8FD98523}.Debug|x86.ActiveCfg = Debug|x86
		{36149DFF-FC93-4505-ACE9-E63F8FD98523}.Debug|x86.Build.0 = Debug|x86
		{36149DFF-FC93-4505-ACE9-E63F8FD98523}.Release|Any CPU.ActiveCfg = Release|x86
		{36149DFF-FC93-4505-ACE9-E63F8FD98523}.Release|Mixed Platforms.ActiveCfg = Release|x86
		{36149DFF-FC93-4505-ACE9-E63F8FD98523}.Release|Mixed Platforms.Build.0 = Release|x86
		{36149DFF-FC93-4505-ACE9-E63F8FD98523}.Release|x86.ActiveCfg = Release|x86
		{36149DFF-FC93-4505-ACE9-E63F8FD98523}.Release|x86.Build.0 = Release|x86
		{E6560470-ED6E-4198-A362-48195A7D589A}.Debug|Any CPU.ActiveCfg = Debug|Any CPU
		{E6560470-ED6E-4198-A362-48195A7D589A}.Debug|Any CPU.Build.0 = Debug|Any CPU
		{E6560470-ED6E-4198-A362-48195A7D589A}.Debug|Mixed Platforms.ActiveCfg = Debug|Any CPU
		{E6560470-ED6E-4198-A362-48195A7D589A}.Debug|Mixed Platforms.Build.0 = Debug|Any CPU
		{E6560470-ED6E-4198-A362-48195A7D589A}.Debug|x86.ActiveCfg = Debug|Any CPU
		{E6560470-ED6E-4198-A362-48195A7D589A}.Release|Any CPU.ActiveCfg = Release|Any CPU
		{E6560470-ED6E-4198-A362-48195A7D589A}.Release|Any CPU.Build.0 = Release|Any CPU
		{E6560470-ED6E-4198-A362-48195A7D589A}.Release|Mixed Platforms.ActiveCfg = Release|Any CPU
		{E6560470-ED6E-4198-A362-48195A7D589A}.Release|Mixed Platforms.Build.0 = Release|Any CPU
		{E6560470-ED6E-4198-A362-48195A7D589A}.Release|x86.ActiveCfg = Release|Any CPU
	EndGlobalSection
	GlobalSection(SolutionProperties) = preSolution
		HideSolutionNode = FALSE
	EndGlobalSection
EndGlobal
